
Microsoft Visual Studio Solution File, Format Version 12.00
# Visual Studio Version 16
VisualStudioVersion = 16.0.31129.286
MinimumVisualStudioVersion = 10.0.40219.1
Project("{FAE04EC0-301F-11D3-BF4B-00C04F79EFBC}") = "Cansu.Core", "Cansu.Core\Cansu.Core.csproj", "{DC0680CB-7158-40C6-94ED-5E491DFB3833}"
EndProject
Project("{FAE04EC0-301F-11D3-BF4B-00C04F79EFBC}") = "Cansu.Northwind.Entities", "Cansu.Northwind.Entities\Cansu.Northwind.Entities.csproj", "{A6F217B0-B921-4A04-838A-BDB799F16000}"
EndProject
Project("{FAE04EC0-301F-11D3-BF4B-00C04F79EFBC}") = "Cansu.Northwind.DataAccess", "Cansu.Northwind.DataAccess\Cansu.Northwind.DataAccess.csproj", "{D438F5DF-B88D-4DC5-A9BB-3804598B6298}"
EndProject
Project("{FAE04EC0-301F-11D3-BF4B-00C04F79EFBC}") = "Cansu.Northwind.Business", "Cansu.Northwind.Business\Cansu.Northwind.Business.csproj", "{2B0414CF-2D1D-4C51-BF94-0353204AA37F}"
EndProject
Project("{FAE04EC0-301F-11D3-BF4B-00C04F79EFBC}") = "Cansu.Northwind.MVCWebUI", "Cansu.Northwind.MVCWebUI\Cansu.Northwind.MVCWebUI.csproj", "{D95E4DAF-F5C3-40C7-A1DD-216000C1FFB8}"
EndProject
Global
	GlobalSection(SolutionConfigurationPlatforms) = preSolution
		Debug|Any CPU = Debug|Any CPU
		Release|Any CPU = Release|Any CPU
	EndGlobalSection
	GlobalSection(ProjectConfigurationPlatforms) = postSolution
		{DC0680CB-7158-40C6-94ED-5E491DFB3833}.Debug|Any CPU.ActiveCfg = Debug|Any CPU
		{DC0680CB-7158-40C6-94ED-5E491DFB3833}.Debug|Any CPU.Build.0 = Debug|Any CPU
		{DC0680CB-7158-40C6-94ED-5E491DFB3833}.Release|Any CPU.ActiveCfg = Release|Any CPU
		{DC0680CB-7158-40C6-94ED-5E491DFB3833}.Release|Any CPU.Build.0 = Release|Any CPU
		{A6F217B0-B921-4A04-838A-BDB799F16000}.Debug|Any CPU.ActiveCfg = Debug|Any CPU
		{A6F217B0-B921-4A04-838A-BDB799F16000}.Debug|Any CPU.Build.0 = Debug|Any CPU
		{A6F217B0-B921-4A04-838A-BDB799F16000}.Release|Any CPU.ActiveCfg = Release|Any CPU
		{A6F217B0-B921-4A04-838A-BDB799F16000}.Release|Any CPU.Build.0 = Release|Any CPU
		{D438F5DF-B88D-4DC5-A9BB-3804598B6298}.Debug|Any CPU.ActiveCfg = Debug|Any CPU
		{D438F5DF-B88D-4DC5-A9BB-3804598B6298}.Debug|Any CPU.Build.0 = Debug|Any CPU
		{D438F5DF-B88D-4DC5-A9BB-3804598B6298}.Release|Any CPU.ActiveCfg = Release|Any CPU
		{D438F5DF-B88D-4DC5-A9BB-3804598B6298}.Release|Any CPU.Build.0 = Release|Any CPU
		{2B0414CF-2D1D-4C51-BF94-0353204AA37F}.Debug|Any CPU.ActiveCfg = Debug|Any CPU
		{2B0414CF-2D1D-4C51-BF94-0353204AA37F}.Debug|Any CPU.Build.0 = Debug|Any CPU
		{2B0414CF-2D1D-4C51-BF94-0353204AA37F}.Release|Any CPU.ActiveCfg = Release|Any CPU
		{2B0414CF-2D1D-4C51-BF94-0353204AA37F}.Release|Any CPU.Build.0 = Release|Any CPU
		{D95E4DAF-F5C3-40C7-A1DD-216000C1FFB8}.Debug|Any CPU.ActiveCfg = Debug|Any CPU
		{D95E4DAF-F5C3-40C7-A1DD-216000C1FFB8}.Debug|Any CPU.Build.0 = Debug|Any CPU
		{D95E4DAF-F5C3-40C7-A1DD-216000C1FFB8}.Release|Any CPU.ActiveCfg = Release|Any CPU
		{D95E4DAF-F5C3-40C7-A1DD-216000C1FFB8}.Release|Any CPU.Build.0 = Release|Any CPU
	EndGlobalSection
	GlobalSection(SolutionProperties) = preSolution
		HideSolutionNode = FALSE
	EndGlobalSection
	GlobalSection(ExtensibilityGlobals) = postSolution
		SolutionGuid = {91F63D4A-E25B-44C7-894F-C5BBCE600F9F}
	EndGlobalSection
EndGlobal
